
Microsoft Visual Studio Solution File, Format Version 12.00
# Visual Studio Version 17
VisualStudioVersion = 17.4.33213.308
MinimumVisualStudioVersion = 10.0.40219.1
Project("{FAE04EC0-301F-11D3-BF4B-00C04F79EFBC}") = "SumofResultCW", "SumofResultCW\SumofResultCW.csproj", "{964FE13D-CD07-4647-9BF2-4E1CF55D99CF}"
EndProject
Global
	GlobalSection(SolutionConfigurationPlatforms) = preSolution
		Debug|Any CPU = Debug|Any CPU
		Release|Any CPU = Release|Any CPU
	EndGlobalSection
	GlobalSection(ProjectConfigurationPlatforms) = postSolution
		{964FE13D-CD07-4647-9BF2-4E1CF55D99CF}.Debug|Any CPU.ActiveCfg = Debug|Any CPU
		{964FE13D-CD07-4647-9BF2-4E1CF55D99CF}.Debug|Any CPU.Build.0 = Debug|Any CPU
		{964FE13D-CD07-4647-9BF2-4E1CF55D99CF}.Release|Any CPU.ActiveCfg = Release|Any CPU
		{964FE13D-CD07-4647-9BF2-4E1CF55D99CF}.Release|Any CPU.Build.0 = Release|Any CPU
	EndGlobalSection
	GlobalSection(SolutionProperties) = preSolution
		HideSolutionNode = FALSE
	EndGlobalSection
	GlobalSection(ExtensibilityGlobals) = postSolution
		SolutionGuid = {575256A9-C3E6-4E8E-8C0B-C50FC5A5E73C}
	EndGlobalSection
EndGlobal
